
Microsoft Visual Studio Solution File, Format Version 12.00
# Visual Studio Version 17
VisualStudioVersion = 17.9.34616.47
MinimumVisualStudioVersion = 10.0.40219.1
Project("{9A19103F-16F7-4668-BE54-9A1E7A4F7556}") = "api", "api.csproj", "{668FE292-DBC1-40CA-ADED-429BFEA0FCA2}"
EndProject
Global
	GlobalSection(SolutionConfigurationPlatforms) = preSolution
		Debug|Any CPU = Debug|Any CPU
		Release|Any CPU = Release|Any CPU
	EndGlobalSection
	GlobalSection(ProjectConfigurationPlatforms) = postSolution
		{668FE292-DBC1-40CA-ADED-429BFEA0FCA2}.Debug|Any CPU.ActiveCfg = Debug|Any CPU
		{668FE292-DBC1-40CA-ADED-429BFEA0FCA2}.Debug|Any CPU.Build.0 = Debug|Any CPU
		{668FE292-DBC1-40CA-ADED-429BFEA0FCA2}.Release|Any CPU.ActiveCfg = Release|Any CPU
		{668FE292-DBC1-40CA-ADED-429BFEA0FCA2}.Release|Any CPU.Build.0 = Release|Any CPU
	EndGlobalSection
	GlobalSection(SolutionProperties) = preSolution
		HideSolutionNode = FALSE
	EndGlobalSection
	GlobalSection(ExtensibilityGlobals) = postSolution
		SolutionGuid = {75155004-F3CF-4546-8AF6-3F9F242F2268}
	EndGlobalSection
EndGlobal
